
Microsoft Visual Studio Solution File, Format Version 12.00
# Visual Studio Version 16
VisualStudioVersion = 16.0.31205.134
MinimumVisualStudioVersion = 10.0.40219.1
Project("{FAE04EC0-301F-11D3-BF4B-00C04F79EFBC}") = "NationalParksMenuApp", "NationalParksMenuApp.csproj", "{2D52C4A2-A2F0-4061-BA68-B9EF6C16B949}"
EndProject
Global
	GlobalSection(SolutionConfigurationPlatforms) = preSolution
		Debug|Any CPU = Debug|Any CPU
		Release|Any CPU = Release|Any CPU
	EndGlobalSection
	GlobalSection(ProjectConfigurationPlatforms) = postSolution
		{2D52C4A2-A2F0-4061-BA68-B9EF6C16B949}.Debug|Any CPU.ActiveCfg = Debug|Any CPU
		{2D52C4A2-A2F0-4061-BA68-B9EF6C16B949}.Debug|Any CPU.Build.0 = Debug|Any CPU
		{2D52C4A2-A2F0-4061-BA68-B9EF6C16B949}.Release|Any CPU.ActiveCfg = Release|Any CPU
		{2D52C4A2-A2F0-4061-BA68-B9EF6C16B949}.Release|Any CPU.Build.0 = Release|Any CPU
	EndGlobalSection
	GlobalSection(SolutionProperties) = preSolution
		HideSolutionNode = FALSE
	EndGlobalSection
	GlobalSection(ExtensibilityGlobals) = postSolution
		SolutionGuid = {7A9E4DC6-152A-45E6-8680-C3145119C6D5}
	EndGlobalSection
EndGlobal
